
Microsoft Visual Studio Solution File, Format Version 12.00
# Visual Studio Version 16
VisualStudioVersion = 16.0.30503.244
MinimumVisualStudioVersion = 10.0.40219.1
Project("{FAE04EC0-301F-11D3-BF4B-00C04F79EFBC}") = "WebSales", "WebSales\WebSales.csproj", "{B6287453-5BD7-4055-9431-A5C11427045F}"
EndProject
Global
	GlobalSection(SolutionConfigurationPlatforms) = preSolution
		Debug|Any CPU = Debug|Any CPU
		Release|Any CPU = Release|Any CPU
	EndGlobalSection
	GlobalSection(ProjectConfigurationPlatforms) = postSolution
		{B6287453-5BD7-4055-9431-A5C11427045F}.Debug|Any CPU.ActiveCfg = Debug|Any CPU
		{B6287453-5BD7-4055-9431-A5C11427045F}.Debug|Any CPU.Build.0 = Debug|Any CPU
		{B6287453-5BD7-4055-9431-A5C11427045F}.Release|Any CPU.ActiveCfg = Release|Any CPU
		{B6287453-5BD7-4055-9431-A5C11427045F}.Release|Any CPU.Build.0 = Release|Any CPU
	EndGlobalSection
	GlobalSection(SolutionProperties) = preSolution
		HideSolutionNode = FALSE
	EndGlobalSection
	GlobalSection(ExtensibilityGlobals) = postSolution
		SolutionGuid = {3C24D7DA-2B8E-4E81-BB92-F0D0411DF367}
	EndGlobalSection
EndGlobal
